
Microsoft Visual Studio Solution File, Format Version 12.00
# Visual Studio Version 17
VisualStudioVersion = 17.0.31903.59
MinimumVisualStudioVersion = 10.0.40219.1
Project("{2150E333-8FDC-42A3-9474-1A3956D46DE8}") = "src", "src", "{9C795DDD-1E89-42E5-B955-8726EFBFDF17}"
EndProject
Project("{F2A71F9B-5D33-465A-A702-920D77279786}") = "Misskey.Net", "src\Misskey.Net\Misskey.Net.fsproj", "{2FC5EE21-0C99-4176-9F15-52499B1F2095}"
EndProject
Project("{FAE04EC0-301F-11D3-BF4B-00C04F79EFBC}") = "CSharpWrapper", "src\CSharpWrapper\CSharpWrapper.csproj", "{D8D6B986-7439-40D9-BA2B-88F975073ECF}"
EndProject
Project("{2150E333-8FDC-42A3-9474-1A3956D46DE8}") = "test", "test", "{087DD4D7-180B-46C0-AA8C-3859305CD4FA}"
EndProject
Project("{F2A71F9B-5D33-465A-A702-920D77279786}") = "Misskey.Net.Test", "test\Misskey.Net.Test\Misskey.Net.Test.fsproj", "{FA77E611-09BC-4617-89F9-DE11C0DAD1D0}"
EndProject
Project("{2150E333-8FDC-42A3-9474-1A3956D46DE8}") = "Example", "Example", "{1F6D3B5C-0555-4514-B54E-ABFC828549C3}"
EndProject
Project("{FAE04EC0-301F-11D3-BF4B-00C04F79EFBC}") = "CSharp", "src\Example\CSharp\CSharp.csproj", "{EC6EE774-7ECB-47C9-AE32-9EDC891D06F7}"
EndProject
Project("{F2A71F9B-5D33-465A-A702-920D77279786}") = "FSharp", "src\Example\FSharp\FSharp.fsproj", "{23B832CB-5603-413E-BF87-A70016480BDF}"
EndProject
Global
	GlobalSection(SolutionConfigurationPlatforms) = preSolution
		Debug|Any CPU = Debug|Any CPU
		Release|Any CPU = Release|Any CPU
	EndGlobalSection
	GlobalSection(SolutionProperties) = preSolution
		HideSolutionNode = FALSE
	EndGlobalSection
	GlobalSection(ProjectConfigurationPlatforms) = postSolution
		{2FC5EE21-0C99-4176-9F15-52499B1F2095}.Debug|Any CPU.ActiveCfg = Debug|Any CPU
		{2FC5EE21-0C99-4176-9F15-52499B1F2095}.Debug|Any CPU.Build.0 = Debug|Any CPU
		{2FC5EE21-0C99-4176-9F15-52499B1F2095}.Release|Any CPU.ActiveCfg = Release|Any CPU
		{2FC5EE21-0C99-4176-9F15-52499B1F2095}.Release|Any CPU.Build.0 = Release|Any CPU
		{D8D6B986-7439-40D9-BA2B-88F975073ECF}.Debug|Any CPU.ActiveCfg = Debug|Any CPU
		{D8D6B986-7439-40D9-BA2B-88F975073ECF}.Debug|Any CPU.Build.0 = Debug|Any CPU
		{D8D6B986-7439-40D9-BA2B-88F975073ECF}.Release|Any CPU.ActiveCfg = Release|Any CPU
		{D8D6B986-7439-40D9-BA2B-88F975073ECF}.Release|Any CPU.Build.0 = Release|Any CPU
		{FA77E611-09BC-4617-89F9-DE11C0DAD1D0}.Debug|Any CPU.ActiveCfg = Debug|Any CPU
		{FA77E611-09BC-4617-89F9-DE11C0DAD1D0}.Debug|Any CPU.Build.0 = Debug|Any CPU
		{FA77E611-09BC-4617-89F9-DE11C0DAD1D0}.Release|Any CPU.ActiveCfg = Release|Any CPU
		{FA77E611-09BC-4617-89F9-DE11C0DAD1D0}.Release|Any CPU.Build.0 = Release|Any CPU
		{EC6EE774-7ECB-47C9-AE32-9EDC891D06F7}.Debug|Any CPU.ActiveCfg = Debug|Any CPU
		{EC6EE774-7ECB-47C9-AE32-9EDC891D06F7}.Debug|Any CPU.Build.0 = Debug|Any CPU
		{EC6EE774-7ECB-47C9-AE32-9EDC891D06F7}.Release|Any CPU.ActiveCfg = Release|Any CPU
		{EC6EE774-7ECB-47C9-AE32-9EDC891D06F7}.Release|Any CPU.Build.0 = Release|Any CPU
		{23B832CB-5603-413E-BF87-A70016480BDF}.Debug|Any CPU.ActiveCfg = Debug|Any CPU
		{23B832CB-5603-413E-BF87-A70016480BDF}.Debug|Any CPU.Build.0 = Debug|Any CPU
		{23B832CB-5603-413E-BF87-A70016480BDF}.Release|Any CPU.ActiveCfg = Release|Any CPU
		{23B832CB-5603-413E-BF87-A70016480BDF}.Release|Any CPU.Build.0 = Release|Any CPU
	EndGlobalSection
	GlobalSection(NestedProjects) = preSolution
		{2FC5EE21-0C99-4176-9F15-52499B1F2095} = {9C795DDD-1E89-42E5-B955-8726EFBFDF17}
		{D8D6B986-7439-40D9-BA2B-88F975073ECF} = {9C795DDD-1E89-42E5-B955-8726EFBFDF17}
		{FA77E611-09BC-4617-89F9-DE11C0DAD1D0} = {087DD4D7-180B-46C0-AA8C-3859305CD4FA}
		{1F6D3B5C-0555-4514-B54E-ABFC828549C3} = {9C795DDD-1E89-42E5-B955-8726EFBFDF17}
		{EC6EE774-7ECB-47C9-AE32-9EDC891D06F7} = {1F6D3B5C-0555-4514-B54E-ABFC828549C3}
		{23B832CB-5603-413E-BF87-A70016480BDF} = {1F6D3B5C-0555-4514-B54E-ABFC828549C3}
	EndGlobalSection
EndGlobal
